
Microsoft Visual Studio Solution File, Format Version 12.00
# Visual Studio 2013
VisualStudioVersion = 12.0.21005.1
MinimumVisualStudioVersion = 10.0.40219.1
Project("{FAE04EC0-301F-11D3-BF4B-00C04F79EFBC}") = "OakIdeas.AppHarbor.Api", "OakIdeas.AppHarbor.Api\OakIdeas.AppHarbor.Api.csproj", "{4347C736-A78F-4221-9B0B-FD0F55ECFF0C}"
EndProject
Project("{FAE04EC0-301F-11D3-BF4B-00C04F79EFBC}") = "OakIdeas.AppHarbor.Api.Models", "OakIdeas.AppHarbor.Api.Models\OakIdeas.AppHarbor.Api.Models.csproj", "{BEC8A5F0-BD94-4C84-A73F-F449357FBD67}"
EndProject
Project("{2150E333-8FDC-42A3-9474-1A3956D46DE8}") = ".nuget", ".nuget", "{F9D7FCBF-2EFD-4F7E-B795-2F4A051EDD57}"
	ProjectSection(SolutionItems) = preProject
		.nuget\NuGet.Config = .nuget\NuGet.Config
		.nuget\NuGet.exe = .nuget\NuGet.exe
		.nuget\NuGet.targets = .nuget\NuGet.targets
	EndProjectSection
EndProject
Project("{2150E333-8FDC-42A3-9474-1A3956D46DE8}") = "Solution Items", "Solution Items", "{ABED4F77-36F3-48D2-9348-828A5395729A}"
	ProjectSection(SolutionItems) = preProject
		build.bat = build.bat
		README.md = README.md
	EndProjectSection
EndProject
Project("{FAE04EC0-301F-11D3-BF4B-00C04F79EFBC}") = "OakIdeas.AppHarbor.Api.Collaborators", "OakIdeas.AppHarbor.Api.Collaborators\OakIdeas.AppHarbor.Api.Collaborators.csproj", "{44439622-E6B5-4F67-AED2-B71A66F405E8}"
EndProject
Project("{FAE04EC0-301F-11D3-BF4B-00C04F79EFBC}") = "OakIdeas.AppHarbor.Api.Core", "OakIdeas.AppHarbor.Api.Core\OakIdeas.AppHarbor.Api.Core.csproj", "{CF7C69FD-0796-4068-911E-A4A09150FC1A}"
EndProject
Project("{FAE04EC0-301F-11D3-BF4B-00C04F79EFBC}") = "OakIdeas.AppHarbor.Api.Applications", "OakIdeas.AppHarbor.Api.Applications\OakIdeas.AppHarbor.Api.Applications.csproj", "{FC98CE6C-4CAD-4DA0-9678-53C3DFEBFCAF}"
EndProject
Project("{FAE04EC0-301F-11D3-BF4B-00C04F79EFBC}") = "OakIdeas.AppHarbor.Api.Builds", "OakIdeas.AppHarbor.Api.Builds\OakIdeas.AppHarbor.Api.Builds.csproj", "{36186DF7-6938-47CB-9119-B5F4A3ECA2F7}"
EndProject
Project("{FAE04EC0-301F-11D3-BF4B-00C04F79EFBC}") = "OakIdeas.AppHarbor.Api.Errors", "OakIdeas.AppHarbor.Api.Errors\OakIdeas.AppHarbor.Api.Errors.csproj", "{30FF7A0A-8352-4F45-B161-83BCCA7B88D4}"
EndProject
Project("{FAE04EC0-301F-11D3-BF4B-00C04F79EFBC}") = "OakIdeas.AppHarbor.Api.ConfigurationVariables", "OakIdeas.AppHarbor.Api.ConfigurationVariables\OakIdeas.AppHarbor.Api.ConfigurationVariables.csproj", "{BCF87987-388A-4C0E-85D0-20DACF5F8D47}"
EndProject
Project("{FAE04EC0-301F-11D3-BF4B-00C04F79EFBC}") = "OakIdeas.AppHarbor.Api.Hostnames", "OakIdeas.AppHarbor.Api.Hostnames\OakIdeas.AppHarbor.Api.Hostnames.csproj", "{F9EF9096-FA18-4A96-80D7-820C0D3D0202}"
EndProject
Project("{FAE04EC0-301F-11D3-BF4B-00C04F79EFBC}") = "OakIdeas.AppHarbor.Api.ServiceHooks", "OakIdeas.AppHarbor.Api.ServiceHooks\OakIdeas.AppHarbor.Api.ServiceHooks.csproj", "{6DD6AECC-8E50-41ED-B0EE-75AF46AE2896}"
EndProject
Project("{FAE04EC0-301F-11D3-BF4B-00C04F79EFBC}") = "OakIdeas.AppHarbor.Api.Users", "OakIdeas.AppHarbor.Api.Users\OakIdeas.AppHarbor.Api.Users.csproj", "{BC934160-09D3-41C2-9407-BBA42F86428D}"
EndProject
Project("{FAE04EC0-301F-11D3-BF4B-00C04F79EFBC}") = "OakIdeas.AppHarbor.Api.Tests", "OakIdeas.AppHarbor.Api.Tests\OakIdeas.AppHarbor.Api.Tests.csproj", "{B2115A5A-4655-4ED8-A072-EE490E82F98F}"
EndProject
Project("{FAE04EC0-301F-11D3-BF4B-00C04F79EFBC}") = "OakIdeas.AppHarbor.Api.LogSessions", "OakIdeas.AppHarbor.Api.LogSessions\OakIdeas.AppHarbor.Api.LogSessions.csproj", "{ED19EB46-59E9-4DA9-858F-B35F8C4AAA26}"
EndProject
Project("{FAE04EC0-301F-11D3-BF4B-00C04F79EFBC}") = "OakIdeas.AppHarbor.Api.Drains", "OakIdeas.AppHarbor.Api.Drains\OakIdeas.AppHarbor.Api.Drains.csproj", "{0B730734-25C6-418C-A1CF-536E544FA0B3}"
EndProject
Global
	GlobalSection(SolutionConfigurationPlatforms) = preSolution
		Debug|Any CPU = Debug|Any CPU
		Debug|ARM = Debug|ARM
		Debug|x64 = Debug|x64
		Debug|x86 = Debug|x86
		Release|Any CPU = Release|Any CPU
		Release|ARM = Release|ARM
		Release|x64 = Release|x64
		Release|x86 = Release|x86
	EndGlobalSection
	GlobalSection(ProjectConfigurationPlatforms) = postSolution
		{4347C736-A78F-4221-9B0B-FD0F55ECFF0C}.Debug|Any CPU.ActiveCfg = Debug|Any CPU
		{4347C736-A78F-4221-9B0B-FD0F55ECFF0C}.Debug|Any CPU.Build.0 = Debug|Any CPU
		{4347C736-A78F-4221-9B0B-FD0F55ECFF0C}.Debug|ARM.ActiveCfg = Debug|Any CPU
		{4347C736-A78F-4221-9B0B-FD0F55ECFF0C}.Debug|x64.ActiveCfg = Debug|Any CPU
		{4347C736-A78F-4221-9B0B-FD0F55ECFF0C}.Debug|x86.ActiveCfg = Debug|Any CPU
		{4347C736-A78F-4221-9B0B-FD0F55ECFF0C}.Release|Any CPU.ActiveCfg = Release|Any CPU
		{4347C736-A78F-4221-9B0B-FD0F55ECFF0C}.Release|Any CPU.Build.0 = Release|Any CPU
		{4347C736-A78F-4221-9B0B-FD0F55ECFF0C}.Release|ARM.ActiveCfg = Release|Any CPU
		{4347C736-A78F-4221-9B0B-FD0F55ECFF0C}.Release|x64.ActiveCfg = Release|Any CPU
		{4347C736-A78F-4221-9B0B-FD0F55ECFF0C}.Release|x86.ActiveCfg = Release|Any CPU
		{BEC8A5F0-BD94-4C84-A73F-F449357FBD67}.Debug|Any CPU.ActiveCfg = Debug|Any CPU
		{BEC8A5F0-BD94-4C84-A73F-F449357FBD67}.Debug|Any CPU.Build.0 = Debug|Any CPU
		{BEC8A5F0-BD94-4C84-A73F-F449357FBD67}.Debug|ARM.ActiveCfg = Debug|Any CPU
		{BEC8A5F0-BD94-4C84-A73F-F449357FBD67}.Debug|x64.ActiveCfg = Debug|Any CPU
		{BEC8A5F0-BD94-4C84-A73F-F449357FBD67}.Debug|x86.ActiveCfg = Debug|Any CPU
		{BEC8A5F0-BD94-4C84-A73F-F449357FBD67}.Release|Any CPU.ActiveCfg = Release|Any CPU
		{BEC8A5F0-BD94-4C84-A73F-F449357FBD67}.Release|Any CPU.Build.0 = Release|Any CPU
		{BEC8A5F0-BD94-4C84-A73F-F449357FBD67}.Release|ARM.ActiveCfg = Release|Any CPU
		{BEC8A5F0-BD94-4C84-A73F-F449357FBD67}.Release|x64.ActiveCfg = Release|Any CPU
		{BEC8A5F0-BD94-4C84-A73F-F449357FBD67}.Release|x86.ActiveCfg = Release|Any CPU
		{44439622-E6B5-4F67-AED2-B71A66F405E8}.Debug|Any CPU.ActiveCfg = Debug|Any CPU
		{44439622-E6B5-4F67-AED2-B71A66F405E8}.Debug|Any CPU.Build.0 = Debug|Any CPU
		{44439622-E6B5-4F67-AED2-B71A66F405E8}.Debug|ARM.ActiveCfg = Debug|Any CPU
		{44439622-E6B5-4F67-AED2-B71A66F405E8}.Debug|x64.ActiveCfg = Debug|Any CPU
		{44439622-E6B5-4F67-AED2-B71A66F405E8}.Debug|x86.ActiveCfg = Debug|Any CPU
		{44439622-E6B5-4F67-AED2-B71A66F405E8}.Release|Any CPU.ActiveCfg = Release|Any CPU
		{44439622-E6B5-4F67-AED2-B71A66F405E8}.Release|Any CPU.Build.0 = Release|Any CPU
		{44439622-E6B5-4F67-AED2-B71A66F405E8}.Release|ARM.ActiveCfg = Release|Any CPU
		{44439622-E6B5-4F67-AED2-B71A66F405E8}.Release|x64.ActiveCfg = Release|Any CPU
		{44439622-E6B5-4F67-AED2-B71A66F405E8}.Release|x86.ActiveCfg = Release|Any CPU
		{CF7C69FD-0796-4068-911E-A4A09150FC1A}.Debug|Any CPU.ActiveCfg = Debug|Any CPU
		{CF7C69FD-0796-4068-911E-A4A09150FC1A}.Debug|Any CPU.Build.0 = Debug|Any CPU
		{CF7C69FD-0796-4068-911E-A4A09150FC1A}.Debug|ARM.ActiveCfg = Debug|Any CPU
		{CF7C69FD-0796-4068-911E-A4A09150FC1A}.Debug|x64.ActiveCfg = Debug|Any CPU
		{CF7C69FD-0796-4068-911E-A4A09150FC1A}.Debug|x86.ActiveCfg = Debug|Any CPU
		{CF7C69FD-0796-4068-911E-A4A09150FC1A}.Release|Any CPU.ActiveCfg = Release|Any CPU
		{CF7C69FD-0796-4068-911E-A4A09150FC1A}.Release|Any CPU.Build.0 = Release|Any CPU
		{CF7C69FD-0796-4068-911E-A4A09150FC1A}.Release|ARM.ActiveCfg = Release|Any CPU
		{CF7C69FD-0796-4068-911E-A4A09150FC1A}.Release|x64.ActiveCfg = Release|Any CPU
		{CF7C69FD-0796-4068-911E-A4A09150FC1A}.Release|x86.ActiveCfg = Release|Any CPU
		{FC98CE6C-4CAD-4DA0-9678-53C3DFEBFCAF}.Debug|Any CPU.ActiveCfg = Debug|Any CPU
		{FC98CE6C-4CAD-4DA0-9678-53C3DFEBFCAF}.Debug|Any CPU.Build.0 = Debug|Any CPU
		{FC98CE6C-4CAD-4DA0-9678-53C3DFEBFCAF}.Debug|ARM.ActiveCfg = Debug|Any CPU
		{FC98CE6C-4CAD-4DA0-9678-53C3DFEBFCAF}.Debug|x64.ActiveCfg = Debug|Any CPU
		{FC98CE6C-4CAD-4DA0-9678-53C3DFEBFCAF}.Debug|x86.ActiveCfg = Debug|Any CPU
		{FC98CE6C-4CAD-4DA0-9678-53C3DFEBFCAF}.Release|Any CPU.ActiveCfg = Release|Any CPU
		{FC98CE6C-4CAD-4DA0-9678-53C3DFEBFCAF}.Release|Any CPU.Build.0 = Release|Any CPU
		{FC98CE6C-4CAD-4DA0-9678-53C3DFEBFCAF}.Release|ARM.ActiveCfg = Release|Any CPU
		{FC98CE6C-4CAD-4DA0-9678-53C3DFEBFCAF}.Release|x64.ActiveCfg = Release|Any CPU
		{FC98CE6C-4CAD-4DA0-9678-53C3DFEBFCAF}.Release|x86.ActiveCfg = Release|Any CPU
		{36186DF7-6938-47CB-9119-B5F4A3ECA2F7}.Debug|Any CPU.ActiveCfg = Debug|Any CPU
		{36186DF7-6938-47CB-9119-B5F4A3ECA2F7}.Debug|Any CPU.Build.0 = Debug|Any CPU
		{36186DF7-6938-47CB-9119-B5F4A3ECA2F7}.Debug|ARM.ActiveCfg = Debug|Any CPU
		{36186DF7-6938-47CB-9119-B5F4A3ECA2F7}.Debug|x64.ActiveCfg = Debug|Any CPU
		{36186DF7-6938-47CB-9119-B5F4A3ECA2F7}.Debug|x86.ActiveCfg = Debug|Any CPU
		{36186DF7-6938-47CB-9119-B5F4A3ECA2F7}.Release|Any CPU.ActiveCfg = Release|Any CPU
		{36186DF7-6938-47CB-9119-B5F4A3ECA2F7}.Release|Any CPU.Build.0 = Release|Any CPU
		{36186DF7-6938-47CB-9119-B5F4A3ECA2F7}.Release|ARM.ActiveCfg = Release|Any CPU
		{36186DF7-6938-47CB-9119-B5F4A3ECA2F7}.Release|x64.ActiveCfg = Release|Any CPU
		{36186DF7-6938-47CB-9119-B5F4A3ECA2F7}.Release|x86.ActiveCfg = Release|Any CPU
		{30FF7A0A-8352-4F45-B161-83BCCA7B88D4}.Debug|Any CPU.ActiveCfg = Debug|Any CPU
		{30FF7A0A-8352-4F45-B161-83BCCA7B88D4}.Debug|Any CPU.Build.0 = Debug|Any CPU
		{30FF7A0A-8352-4F45-B161-83BCCA7B88D4}.Debug|ARM.ActiveCfg = Debug|Any CPU
		{30FF7A0A-8352-4F45-B161-83BCCA7B88D4}.Debug|x64.ActiveCfg = Debug|Any CPU
		{30FF7A0A-8352-4F45-B161-83BCCA7B88D4}.Debug|x86.ActiveCfg = Debug|Any CPU
		{30FF7A0A-8352-4F45-B161-83BCCA7B88D4}.Release|Any CPU.ActiveCfg = Release|Any CPU
		{30FF7A0A-8352-4F45-B161-83BCCA7B88D4}.Release|Any CPU.Build.0 = Release|Any CPU
		{30FF7A0A-8352-4F45-B161-83BCCA7B88D4}.Release|ARM.ActiveCfg = Release|Any CPU
		{30FF7A0A-8352-4F45-B161-83BCCA7B88D4}.Release|x64.ActiveCfg = Release|Any CPU
		{30FF7A0A-8352-4F45-B161-83BCCA7B88D4}.Release|x86.ActiveCfg = Release|Any CPU
		{BCF87987-388A-4C0E-85D0-20DACF5F8D47}.Debug|Any CPU.ActiveCfg = Debug|Any CPU
		{BCF87987-388A-4C0E-85D0-20DACF5F8D47}.Debug|Any CPU.Build.0 = Debug|Any CPU
		{BCF87987-388A-4C0E-85D0-20DACF5F8D47}.Debug|ARM.ActiveCfg = Debug|Any CPU
		{BCF87987-388A-4C0E-85D0-20DACF5F8D47}.Debug|x64.ActiveCfg = Debug|Any CPU
		{BCF87987-388A-4C0E-85D0-20DACF5F8D47}.Debug|x86.ActiveCfg = Debug|Any CPU
		{BCF87987-388A-4C0E-85D0-20DACF5F8D47}.Release|Any CPU.ActiveCfg = Release|Any CPU
		{BCF87987-388A-4C0E-85D0-20DACF5F8D47}.Release|Any CPU.Build.0 = Release|Any CPU
		{BCF87987-388A-4C0E-85D0-20DACF5F8D47}.Release|ARM.ActiveCfg = Release|Any CPU
		{BCF87987-388A-4C0E-85D0-20DACF5F8D47}.Release|x64.ActiveCfg = Release|Any CPU
		{BCF87987-388A-4C0E-85D0-20DACF5F8D47}.Release|x86.ActiveCfg = Release|Any CPU
		{F9EF9096-FA18-4A96-80D7-820C0D3D0202}.Debug|Any CPU.ActiveCfg = Debug|Any CPU
		{F9EF9096-FA18-4A96-80D7-820C0D3D0202}.Debug|Any CPU.Build.0 = Debug|Any CPU
		{F9EF9096-FA18-4A96-80D7-820C0D3D0202}.Debug|ARM.ActiveCfg = Debug|Any CPU
		{F9EF9096-FA18-4A96-80D7-820C0D3D0202}.Debug|x64.ActiveCfg = Debug|Any CPU
		{F9EF9096-FA18-4A96-80D7-820C0D3D0202}.Debug|x86.ActiveCfg = Debug|Any CPU
		{F9EF9096-FA18-4A96-80D7-820C0D3D0202}.Release|Any CPU.ActiveCfg = Release|Any CPU
		{F9EF9096-FA18-4A96-80D7-820C0D3D0202}.Release|Any CPU.Build.0 = Release|Any CPU
		{F9EF9096-FA18-4A96-80D7-820C0D3D0202}.Release|ARM.ActiveCfg = Release|Any CPU
		{F9EF9096-FA18-4A96-80D7-820C0D3D0202}.Release|x64.ActiveCfg = Release|Any CPU
		{F9EF9096-FA18-4A96-80D7-820C0D3D0202}.Release|x86.ActiveCfg = Release|Any CPU
		{6DD6AECC-8E50-41ED-B0EE-75AF46AE2896}.Debug|Any CPU.ActiveCfg = Debug|Any CPU
		{6DD6AECC-8E50-41ED-B0EE-75AF46AE2896}.Debug|Any CPU.Build.0 = Debug|Any CPU
		{6DD6AECC-8E50-41ED-B0EE-75AF46AE2896}.Debug|ARM.ActiveCfg = Debug|Any CPU
		{6DD6AECC-8E50-41ED-B0EE-75AF46AE2896}.Debug|x64.ActiveCfg = Debug|Any CPU
		{6DD6AECC-8E50-41ED-B0EE-75AF46AE2896}.Debug|x86.ActiveCfg = Debug|Any CPU
		{6DD6AECC-8E50-41ED-B0EE-75AF46AE2896}.Release|Any CPU.ActiveCfg = Release|Any CPU
		{6DD6AECC-8E50-41ED-B0EE-75AF46AE2896}.Release|Any CPU.Build.0 = Release|Any CPU
		{6DD6AECC-8E50-41ED-B0EE-75AF46AE2896}.Release|ARM.ActiveCfg = Release|Any CPU
		{6DD6AECC-8E50-41ED-B0EE-75AF46AE2896}.Release|x64.ActiveCfg = Release|Any CPU
		{6DD6AECC-8E50-41ED-B0EE-75AF46AE2896}.Release|x86.ActiveCfg = Release|Any CPU
		{BC934160-09D3-41C2-9407-BBA42F86428D}.Debug|Any CPU.ActiveCfg = Debug|Any CPU
		{BC934160-09D3-41C2-9407-BBA42F86428D}.Debug|Any CPU.Build.0 = Debug|Any CPU
		{BC934160-09D3-41C2-9407-BBA42F86428D}.Debug|ARM.ActiveCfg = Debug|Any CPU
		{BC934160-09D3-41C2-9407-BBA42F86428D}.Debug|x64.ActiveCfg = Debug|Any CPU
		{BC934160-09D3-41C2-9407-BBA42F86428D}.Debug|x86.ActiveCfg = Debug|Any CPU
		{BC934160-09D3-41C2-9407-BBA42F86428D}.Release|Any CPU.ActiveCfg = Release|Any CPU
		{BC934160-09D3-41C2-9407-BBA42F86428D}.Release|Any CPU.Build.0 = Release|Any CPU
		{BC934160-09D3-41C2-9407-BBA42F86428D}.Release|ARM.ActiveCfg = Release|Any CPU
		{BC934160-09D3-41C2-9407-BBA42F86428D}.Release|x64.ActiveCfg = Release|Any CPU
		{BC934160-09D3-41C2-9407-BBA42F86428D}.Release|x86.ActiveCfg = Release|Any CPU
		{B2115A5A-4655-4ED8-A072-EE490E82F98F}.Debug|Any CPU.ActiveCfg = Debug|Any CPU
		{B2115A5A-4655-4ED8-A072-EE490E82F98F}.Debug|Any CPU.Build.0 = Debug|Any CPU
		{B2115A5A-4655-4ED8-A072-EE490E82F98F}.Debug|ARM.ActiveCfg = Debug|Any CPU
		{B2115A5A-4655-4ED8-A072-EE490E82F98F}.Debug|x64.ActiveCfg = Debug|Any CPU
		{B2115A5A-4655-4ED8-A072-EE490E82F98F}.Debug|x86.ActiveCfg = Debug|Any CPU
		{B2115A5A-4655-4ED8-A072-EE490E82F98F}.Release|Any CPU.ActiveCfg = Release|Any CPU
		{B2115A5A-4655-4ED8-A072-EE490E82F98F}.Release|Any CPU.Build.0 = Release|Any CPU
		{B2115A5A-4655-4ED8-A072-EE490E82F98F}.Release|ARM.ActiveCfg = Release|Any CPU
		{B2115A5A-4655-4ED8-A072-EE490E82F98F}.Release|x64.ActiveCfg = Release|Any CPU
		{B2115A5A-4655-4ED8-A072-EE490E82F98F}.Release|x86.ActiveCfg = Release|Any CPU
		{ED19EB46-59E9-4DA9-858F-B35F8C4AAA26}.Debug|Any CPU.ActiveCfg = Debug|Any CPU
		{ED19EB46-59E9-4DA9-858F-B35F8C4AAA26}.Debug|Any CPU.Build.0 = Debug|Any CPU
		{ED19EB46-59E9-4DA9-858F-B35F8C4AAA26}.Debug|ARM.ActiveCfg = Debug|Any CPU
		{ED19EB46-59E9-4DA9-858F-B35F8C4AAA26}.Debug|x64.ActiveCfg = Debug|Any CPU
		{ED19EB46-59E9-4DA9-858F-B35F8C4AAA26}.Debug|x86.ActiveCfg = Debug|Any CPU
		{ED19EB46-59E9-4DA9-858F-B35F8C4AAA26}.Release|Any CPU.ActiveCfg = Release|Any CPU
		{ED19EB46-59E9-4DA9-858F-B35F8C4AAA26}.Release|Any CPU.Build.0 = Release|Any CPU
		{ED19EB46-59E9-4DA9-858F-B35F8C4AAA26}.Release|ARM.ActiveCfg = Release|Any CPU
		{ED19EB46-59E9-4DA9-858F-B35F8C4AAA26}.Release|x64.ActiveCfg = Release|Any CPU
		{ED19EB46-59E9-4DA9-858F-B35F8C4AAA26}.Release|x86.ActiveCfg = Release|Any CPU
		{0B730734-25C6-418C-A1CF-536E544FA0B3}.Debug|Any CPU.ActiveCfg = Debug|Any CPU
		{0B730734-25C6-418C-A1CF-536E544FA0B3}.Debug|Any CPU.Build.0 = Debug|Any CPU
		{0B730734-25C6-418C-A1CF-536E544FA0B3}.Debug|ARM.ActiveCfg = Debug|Any CPU
		{0B730734-25C6-418C-A1CF-536E544FA0B3}.Debug|x64.ActiveCfg = Debug|Any CPU
		{0B730734-25C6-418C-A1CF-536E544FA0B3}.Debug|x86.ActiveCfg = Debug|Any CPU
		{0B730734-25C6-418C-A1CF-536E544FA0B3}.Release|Any CPU.ActiveCfg = Release|Any CPU
		{0B730734-25C6-418C-A1CF-536E544FA0B3}.Release|Any CPU.Build.0 = Release|Any CPU
		{0B730734-25C6-418C-A1CF-536E544FA0B3}.Release|ARM.ActiveCfg = Release|Any CPU
		{0B730734-25C6-418C-A1CF-536E544FA0B3}.Release|x64.ActiveCfg = Release|Any CPU
		{0B730734-25C6-418C-A1CF-536E544FA0B3}.Release|x86.ActiveCfg = Release|Any CPU
	EndGlobalSection
	GlobalSection(SolutionProperties) = preSolution
		HideSolutionNode = FALSE
	EndGlobalSection
EndGlobal
